
Microsoft Visual Studio Solution File, Format Version 12.00
# Visual Studio 2012
Project("{FAE04EC0-301F-11D3-BF4B-00C04F79EFBC}") = "BoBox.Deserializer", "BoBox.Deserializer\BoBox.Deserializer.csproj", "{50FFD9E5-B567-4D2E-A8E2-0D3D7BB6208F}"
EndProject
Project("{FAE04EC0-301F-11D3-BF4B-00C04F79EFBC}") = "BoBox.Controls", "BoBox.Controls\BoBox.Controls.csproj", "{A44FD76B-AF37-42C4-839B-6217C843FCC4}"
EndProject
Project("{FAE04EC0-301F-11D3-BF4B-00C04F79EFBC}") = "BoBox.Main", "BoBox.Main\BoBox.Main.csproj", "{1025898E-A687-4A78-99B2-2A3FBF395376}"
EndProject
Project("{FAE04EC0-301F-11D3-BF4B-00C04F79EFBC}") = "BoBox.Visitors", "BoBox.Visitors\BoBox.Visitors.csproj", "{9AE00D9B-559C-4D2E-9FB8-9620C70E0FF2}"
EndProject
Project("{FAE04EC0-301F-11D3-BF4B-00C04F79EFBC}") = "BoBox.Entities", "BoBox.Entities\BoBox.Entities.csproj", "{EE0EF266-2015-4682-ACD5-C5711131E11E}"
EndProject
Global
	GlobalSection(SolutionConfigurationPlatforms) = preSolution
		Debug|Any CPU = Debug|Any CPU
		Release|Any CPU = Release|Any CPU
	EndGlobalSection
	GlobalSection(ProjectConfigurationPlatforms) = postSolution
		{50FFD9E5-B567-4D2E-A8E2-0D3D7BB6208F}.Debug|Any CPU.ActiveCfg = Debug|Any CPU
		{50FFD9E5-B567-4D2E-A8E2-0D3D7BB6208F}.Debug|Any CPU.Build.0 = Debug|Any CPU
		{50FFD9E5-B567-4D2E-A8E2-0D3D7BB6208F}.Release|Any CPU.ActiveCfg = Release|Any CPU
		{50FFD9E5-B567-4D2E-A8E2-0D3D7BB6208F}.Release|Any CPU.Build.0 = Release|Any CPU
		{A44FD76B-AF37-42C4-839B-6217C843FCC4}.Debug|Any CPU.ActiveCfg = Debug|Any CPU
		{A44FD76B-AF37-42C4-839B-6217C843FCC4}.Debug|Any CPU.Build.0 = Debug|Any CPU
		{A44FD76B-AF37-42C4-839B-6217C843FCC4}.Release|Any CPU.ActiveCfg = Release|Any CPU
		{A44FD76B-AF37-42C4-839B-6217C843FCC4}.Release|Any CPU.Build.0 = Release|Any CPU
		{1025898E-A687-4A78-99B2-2A3FBF395376}.Debug|Any CPU.ActiveCfg = Debug|Any CPU
		{1025898E-A687-4A78-99B2-2A3FBF395376}.Debug|Any CPU.Build.0 = Debug|Any CPU
		{1025898E-A687-4A78-99B2-2A3FBF395376}.Release|Any CPU.ActiveCfg = Release|Any CPU
		{1025898E-A687-4A78-99B2-2A3FBF395376}.Release|Any CPU.Build.0 = Release|Any CPU
		{9AE00D9B-559C-4D2E-9FB8-9620C70E0FF2}.Debug|Any CPU.ActiveCfg = Debug|Any CPU
		{9AE00D9B-559C-4D2E-9FB8-9620C70E0FF2}.Debug|Any CPU.Build.0 = Debug|Any CPU
		{9AE00D9B-559C-4D2E-9FB8-9620C70E0FF2}.Release|Any CPU.ActiveCfg = Release|Any CPU
		{9AE00D9B-559C-4D2E-9FB8-9620C70E0FF2}.Release|Any CPU.Build.0 = Release|Any CPU
		{EE0EF266-2015-4682-ACD5-C5711131E11E}.Debug|Any CPU.ActiveCfg = Debug|Any CPU
		{EE0EF266-2015-4682-ACD5-C5711131E11E}.Debug|Any CPU.Build.0 = Debug|Any CPU
		{EE0EF266-2015-4682-ACD5-C5711131E11E}.Release|Any CPU.ActiveCfg = Release|Any CPU
		{EE0EF266-2015-4682-ACD5-C5711131E11E}.Release|Any CPU.Build.0 = Release|Any CPU
	EndGlobalSection
	GlobalSection(SolutionProperties) = preSolution
		HideSolutionNode = FALSE
	EndGlobalSection
EndGlobal
